
Microsoft Visual Studio Solution File, Format Version 12.00
# Visual Studio 14
VisualStudioVersion = 14.0.25420.1
MinimumVisualStudioVersion = 10.0.40219.1
Project("{FAE04EC0-301F-11D3-BF4B-00C04F79EFBC}") = "FTServer", "FTServer\FTServer.csproj", "{785CD44F-4017-4C2B-BAF5-60A444589468}"
EndProject
Project("{FAE04EC0-301F-11D3-BF4B-00C04F79EFBC}") = "FTClient", "FTClient\FTClient.csproj", "{AA5EEC15-360B-4ED6-813C-FEFF4B81A8DA}"
EndProject
Project("{FAE04EC0-301F-11D3-BF4B-00C04F79EFBC}") = "PRSLib", "..\PRSServer\PRSLib\PRSLib.csproj", "{7DF7F66B-D68D-4DDD-9326-988B6E6B2ABC}"
EndProject
Global
	GlobalSection(SolutionConfigurationPlatforms) = preSolution
		Debug|Any CPU = Debug|Any CPU
		Release|Any CPU = Release|Any CPU
	EndGlobalSection
	GlobalSection(ProjectConfigurationPlatforms) = postSolution
		{785CD44F-4017-4C2B-BAF5-60A444589468}.Debug|Any CPU.ActiveCfg = Debug|Any CPU
		{785CD44F-4017-4C2B-BAF5-60A444589468}.Debug|Any CPU.Build.0 = Debug|Any CPU
		{785CD44F-4017-4C2B-BAF5-60A444589468}.Release|Any CPU.ActiveCfg = Release|Any CPU
		{785CD44F-4017-4C2B-BAF5-60A444589468}.Release|Any CPU.Build.0 = Release|Any CPU
		{AA5EEC15-360B-4ED6-813C-FEFF4B81A8DA}.Debug|Any CPU.ActiveCfg = Debug|Any CPU
		{AA5EEC15-360B-4ED6-813C-FEFF4B81A8DA}.Debug|Any CPU.Build.0 = Debug|Any CPU
		{AA5EEC15-360B-4ED6-813C-FEFF4B81A8DA}.Release|Any CPU.ActiveCfg = Release|Any CPU
		{AA5EEC15-360B-4ED6-813C-FEFF4B81A8DA}.Release|Any CPU.Build.0 = Release|Any CPU
		{7DF7F66B-D68D-4DDD-9326-988B6E6B2ABC}.Debug|Any CPU.ActiveCfg = Debug|Any CPU
		{7DF7F66B-D68D-4DDD-9326-988B6E6B2ABC}.Debug|Any CPU.Build.0 = Debug|Any CPU
		{7DF7F66B-D68D-4DDD-9326-988B6E6B2ABC}.Release|Any CPU.ActiveCfg = Release|Any CPU
		{7DF7F66B-D68D-4DDD-9326-988B6E6B2ABC}.Release|Any CPU.Build.0 = Release|Any CPU
	EndGlobalSection
	GlobalSection(SolutionProperties) = preSolution
		HideSolutionNode = FALSE
	EndGlobalSection
EndGlobal
